
Microsoft Visual Studio Solution File, Format Version 12.00
# Visual Studio Version 17
VisualStudioVersion = 17.13.35825.156
MinimumVisualStudioVersion = 10.0.40219.1
Project("{FAE04EC0-301F-11D3-BF4B-00C04F79EFBC}") = "BasicTools", "BasicTools\BasicTools.csproj", "{7171E373-27B0-4CC6-BBA2-CA0DCDDF682B}"
EndProject
Global
	GlobalSection(SolutionConfigurationPlatforms) = preSolution
		Debug|Any CPU = Debug|Any CPU
		Release|Any CPU = Release|Any CPU
	EndGlobalSection
	GlobalSection(ProjectConfigurationPlatforms) = postSolution
		{7171E373-27B0-4CC6-BBA2-CA0DCDDF682B}.Debug|Any CPU.ActiveCfg = Debug|Any CPU
		{7171E373-27B0-4CC6-BBA2-CA0DCDDF682B}.Debug|Any CPU.Build.0 = Debug|Any CPU
		{7171E373-27B0-4CC6-BBA2-CA0DCDDF682B}.Debug|Any CPU.Deploy.0 = Debug|Any CPU
		{7171E373-27B0-4CC6-BBA2-CA0DCDDF682B}.Release|Any CPU.ActiveCfg = Release|Any CPU
		{7171E373-27B0-4CC6-BBA2-CA0DCDDF682B}.Release|Any CPU.Build.0 = Release|Any CPU
	EndGlobalSection
	GlobalSection(SolutionProperties) = preSolution
		HideSolutionNode = FALSE
	EndGlobalSection
	GlobalSection(ExtensibilityGlobals) = postSolution
		SolutionGuid = {386ED56E-E8F0-4715-BBD7-C1D7C427D36A}
	EndGlobalSection
EndGlobal
